
Microsoft Visual Studio Solution File, Format Version 12.00
# Visual Studio Version 17
VisualStudioVersion = 17.7.34031.279
MinimumVisualStudioVersion = 10.0.40219.1
Project("{2150E333-8FDC-42A3-9474-1A3956D46DE8}") = "src", "src", "{6A3109F1-1C07-4F73-922B-A03C8485AB0F}"
EndProject
Project("{2150E333-8FDC-42A3-9474-1A3956D46DE8}") = "test", "test", "{5534D2C9-A977-4453-A0D3-8B737E827C1B}"
EndProject
Project("{FAE04EC0-301F-11D3-BF4B-00C04F79EFBC}") = "QU.Core", "src\QU.Core\QU.Core.csproj", "{CC9A229C-48A6-4FEF-97EA-B12BAF55735D}"
EndProject
Project("{FAE04EC0-301F-11D3-BF4B-00C04F79EFBC}") = "QU.Logic", "src\QU.Logic\QU.Logic.csproj", "{B51CA6A9-C20D-435B-A600-1BF121AA2059}"
EndProject
Project("{FAE04EC0-301F-11D3-BF4B-00C04F79EFBC}") = "QU.Logic.Test", "test\QU.Logic.Test\QU.Logic.Test.csproj", "{D61779EE-1B1F-485D-B027-8F56107EFEA5}"
EndProject
Global
	GlobalSection(SolutionConfigurationPlatforms) = preSolution
		Debug|Any CPU = Debug|Any CPU
		Release|Any CPU = Release|Any CPU
	EndGlobalSection
	GlobalSection(ProjectConfigurationPlatforms) = postSolution
		{CC9A229C-48A6-4FEF-97EA-B12BAF55735D}.Debug|Any CPU.ActiveCfg = Debug|Any CPU
		{CC9A229C-48A6-4FEF-97EA-B12BAF55735D}.Debug|Any CPU.Build.0 = Debug|Any CPU
		{CC9A229C-48A6-4FEF-97EA-B12BAF55735D}.Release|Any CPU.ActiveCfg = Release|Any CPU
		{CC9A229C-48A6-4FEF-97EA-B12BAF55735D}.Release|Any CPU.Build.0 = Release|Any CPU
		{B51CA6A9-C20D-435B-A600-1BF121AA2059}.Debug|Any CPU.ActiveCfg = Debug|Any CPU
		{B51CA6A9-C20D-435B-A600-1BF121AA2059}.Debug|Any CPU.Build.0 = Debug|Any CPU
		{B51CA6A9-C20D-435B-A600-1BF121AA2059}.Release|Any CPU.ActiveCfg = Release|Any CPU
		{B51CA6A9-C20D-435B-A600-1BF121AA2059}.Release|Any CPU.Build.0 = Release|Any CPU
		{D61779EE-1B1F-485D-B027-8F56107EFEA5}.Debug|Any CPU.ActiveCfg = Debug|Any CPU
		{D61779EE-1B1F-485D-B027-8F56107EFEA5}.Debug|Any CPU.Build.0 = Debug|Any CPU
		{D61779EE-1B1F-485D-B027-8F56107EFEA5}.Release|Any CPU.ActiveCfg = Release|Any CPU
		{D61779EE-1B1F-485D-B027-8F56107EFEA5}.Release|Any CPU.Build.0 = Release|Any CPU
	EndGlobalSection
	GlobalSection(SolutionProperties) = preSolution
		HideSolutionNode = FALSE
	EndGlobalSection
	GlobalSection(NestedProjects) = preSolution
		{CC9A229C-48A6-4FEF-97EA-B12BAF55735D} = {6A3109F1-1C07-4F73-922B-A03C8485AB0F}
		{B51CA6A9-C20D-435B-A600-1BF121AA2059} = {6A3109F1-1C07-4F73-922B-A03C8485AB0F}
		{D61779EE-1B1F-485D-B027-8F56107EFEA5} = {5534D2C9-A977-4453-A0D3-8B737E827C1B}
	EndGlobalSection
	GlobalSection(ExtensibilityGlobals) = postSolution
		SolutionGuid = {9904841B-9734-412B-9C2C-C48C601725B2}
	EndGlobalSection
EndGlobal
